// !$*UTF8*$!
{
	archiveVersion = 1;
	classes = {
	};
	objectVersion = 46;
	objects = {

/* Begin PBXBuildFile section */
		2C0066951BE6C59100B1ACF3 /* ShotTableViewCell.swift in Sources */ = {isa = PBXBuildFile; fileRef = 2C0066941BE6C59100B1ACF3 /* ShotTableViewCell.swift */; };
		2C00669D1BE86DA800B1ACF3 /* ShotOnCDCViewController.swift in Sources */ = {isa = PBXBuildFile; fileRef = 2C00669C1BE86DA800B1ACF3 /* ShotOnCDCViewController.swift */; };
		2C10889B1BDC134E00CB19E2 /* AppDelegate.swift in Sources */ = {isa = PBXBuildFile; fileRef = 2C10889A1BDC134E00CB19E2 /* AppDelegate.swift */; };
		2C1088A21BDC134E00CB19E2 /* Assets.xcassets in Resources */ = {isa = PBXBuildFile; fileRef = 2C1088A11BDC134E00CB19E2 /* Assets.xcassets */; };
		2C1088A51BDC134E00CB19E2 /* LaunchScreen.storyboard in Resources */ = {isa = PBXBuildFile; fileRef = 2C1088A31BDC134E00CB19E2 /* LaunchScreen.storyboard */; };
		2C1088AD1BDC1D1700CB19E2 /* AddUserViewController.swift in Sources */ = {isa = PBXBuildFile; fileRef = 2C1088AC1BDC1D1700CB19E2 /* AddUserViewController.swift */; };
		2C361EDA1BDD6BAF000A28C6 /* TimelineViewController.swift in Sources */ = {isa = PBXBuildFile; fileRef = 2C361ED91BDD6BAF000A28C6 /* TimelineViewController.swift */; };
		2C361EDC1BDD7559000A28C6 /* Global.swift in Sources */ = {isa = PBXBuildFile; fileRef = 2C361EDB1BDD7559000A28C6 /* Global.swift */; };
		2C361EE01BDDD116000A28C6 /* ImmunizationViewController.swift in Sources */ = {isa = PBXBuildFile; fileRef = 2C361EDF1BDDD116000A28C6 /* ImmunizationViewController.swift */; };
		2C361EE31BDDD41E000A28C6 /* Main.storyboard in Resources */ = {isa = PBXBuildFile; fileRef = 2C361EE11BDDD41E000A28C6 /* Main.storyboard */; };
		2C96DA3F1BE31F650008901F /* GothamRnd-Bold.otf in Resources */ = {isa = PBXBuildFile; fileRef = 2C96DA371BE31F650008901F /* GothamRnd-Bold.otf */; };
		2C96DA401BE31F650008901F /* GothamRnd-BoldIta.otf in Resources */ = {isa = PBXBuildFile; fileRef = 2C96DA381BE31F650008901F /* GothamRnd-BoldIta.otf */; };
		2C96DA411BE31F650008901F /* GothamRnd-Book.otf in Resources */ = {isa = PBXBuildFile; fileRef = 2C96DA391BE31F650008901F /* GothamRnd-Book.otf */; };
		2C96DA421BE31F650008901F /* GothamRnd-BookIta.otf in Resources */ = {isa = PBXBuildFile; fileRef = 2C96DA3A1BE31F650008901F /* GothamRnd-BookIta.otf */; };
		2C96DA431BE31F650008901F /* GothamRnd-Light.otf in Resources */ = {isa = PBXBuildFile; fileRef = 2C96DA3B1BE31F650008901F /* GothamRnd-Light.otf */; };
		2C96DA441BE31F650008901F /* GothamRnd-LightIta.otf in Resources */ = {isa = PBXBuildFile; fileRef = 2C96DA3C1BE31F650008901F /* GothamRnd-LightIta.otf */; };
		2C96DA451BE31F650008901F /* GothamRnd-MedIta.otf in Resources */ = {isa = PBXBuildFile; fileRef = 2C96DA3D1BE31F650008901F /* GothamRnd-MedIta.otf */; };
		2C96DA461BE31F650008901F /* GothamRnd-Medium.otf in Resources */ = {isa = PBXBuildFile; fileRef = 2C96DA3E1BE31F650008901F /* GothamRnd-Medium.otf */; };
		2CC6D10B1BEB2C47001D6C89 /* Common.swift in Sources */ = {isa = PBXBuildFile; fileRef = 2CC6D10A1BEB2C47001D6C89 /* Common.swift */; };
		2CC6D10D1BEB393E001D6C89 /* createRecordDismissViewController.swift in Sources */ = {isa = PBXBuildFile; fileRef = 2CC6D10C1BEB393E001D6C89 /* createRecordDismissViewController.swift */; };
/* End PBXBuildFile section */

/* Begin PBXFileReference section */
		2C0066941BE6C59100B1ACF3 /* ShotTableViewCell.swift */ = {isa = PBXFileReference; fileEncoding = 4; lastKnownFileType = sourcecode.swift; path = ShotTableViewCell.swift; sourceTree = "<group>"; };
		2C00669C1BE86DA800B1ACF3 /* ShotOnCDCViewController.swift */ = {isa = PBXFileReference; fileEncoding = 4; lastKnownFileType = sourcecode.swift; path = ShotOnCDCViewController.swift; sourceTree = "<group>"; };
		2C1088971BDC134D00CB19E2 /* Booster.app */ = {isa = PBXFileReference; explicitFileType = wrapper.application; includeInIndex = 0; path = Booster.app; sourceTree = BUILT_PRODUCTS_DIR; };
		2C10889A1BDC134E00CB19E2 /* AppDelegate.swift */ = {isa = PBXFileReference; lastKnownFileType = sourcecode.swift; path = AppDelegate.swift; sourceTree = "<group>"; };
		2C1088A11BDC134E00CB19E2 /* Assets.xcassets */ = {isa = PBXFileReference; lastKnownFileType = folder.assetcatalog; path = Assets.xcassets; sourceTree = "<group>"; };
		2C1088A41BDC134E00CB19E2 /* Base */ = {isa = PBXFileReference; lastKnownFileType = file.storyboard; name = Base; path = Base.lproj/LaunchScreen.storyboard; sourceTree = "<group>"; };
		2C1088A61BDC134E00CB19E2 /* Info.plist */ = {isa = PBXFileReference; lastKnownFileType = text.plist.xml; path = Info.plist; sourceTree = "<group>"; };
		2C1088AC1BDC1D1700CB19E2 /* AddUserViewController.swift */ = {isa = PBXFileReference; fileEncoding = 4; lastKnownFileType = sourcecode.swift; path = AddUserViewController.swift; sourceTree = "<group>"; };
		2C361ED91BDD6BAF000A28C6 /* TimelineViewController.swift */ = {isa = PBXFileReference; fileEncoding = 4; lastKnownFileType = sourcecode.swift; path = TimelineViewController.swift; sourceTree = "<group>"; };
		2C361EDB1BDD7559000A28C6 /* Global.swift */ = {isa = PBXFileReference; fileEncoding = 4; lastKnownFileType = sourcecode.swift; path = Global.swift; sourceTree = "<group>"; };
		2C361EDF1BDDD116000A28C6 /* ImmunizationViewController.swift */ = {isa = PBXFileReference; fileEncoding = 4; lastKnownFileType = sourcecode.swift; path = ImmunizationViewController.swift; sourceTree = "<group>"; };
		2C361EE21BDDD41E000A28C6 /* Base */ = {isa = PBXFileReference; lastKnownFileType = file.storyboard; name = Base; path = Base.lproj/Main.storyboard; sourceTree = "<group>"; };
		2C96DA371BE31F650008901F /* GothamRnd-Bold.otf */ = {isa = PBXFileReference; lastKnownFileType = file; name = "GothamRnd-Bold.otf"; path = "Immunizations/Gotham_Rounded/GothamRnd-Bold.otf"; sourceTree = "<group>"; };
		2C96DA381BE31F650008901F /* GothamRnd-BoldIta.otf */ = {isa = PBXFileReference; lastKnownFileType = file; name = "GothamRnd-BoldIta.otf"; path = "Immunizations/Gotham_Rounded/GothamRnd-BoldIta.otf"; sourceTree = "<group>"; };
		2C96DA391BE31F650008901F /* GothamRnd-Book.otf */ = {isa = PBXFileReference; lastKnownFileType = file; name = "GothamRnd-Book.otf"; path = "Immunizations/Gotham_Rounded/GothamRnd-Book.otf"; sourceTree = "<group>"; };
		2C96DA3A1BE31F650008901F /* GothamRnd-BookIta.otf */ = {isa = PBXFileReference; lastKnownFileType = file; name = "GothamRnd-BookIta.otf"; path = "Immunizations/Gotham_Rounded/GothamRnd-BookIta.otf"; sourceTree = "<group>"; };
		2C96DA3B1BE31F650008901F /* GothamRnd-Light.otf */ = {isa = PBXFileReference; lastKnownFileType = file; name = "GothamRnd-Light.otf"; path = "Immunizations/Gotham_Rounded/GothamRnd-Light.otf"; sourceTree = "<group>"; };
		2C96DA3C1BE31F650008901F /* GothamRnd-LightIta.otf */ = {isa = PBXFileReference; lastKnownFileType = file; name = "GothamRnd-LightIta.otf"; path = "Immunizations/Gotham_Rounded/GothamRnd-LightIta.otf"; sourceTree = "<group>"; };
		2C96DA3D1BE31F650008901F /* GothamRnd-MedIta.otf */ = {isa = PBXFileReference; lastKnownFileType = file; name = "GothamRnd-MedIta.otf"; path = "Immunizations/Gotham_Rounded/GothamRnd-MedIta.otf"; sourceTree = "<group>"; };
		2C96DA3E1BE31F650008901F /* GothamRnd-Medium.otf */ = {isa = PBXFileReference; lastKnownFileType = file; name = "GothamRnd-Medium.otf"; path = "Immunizations/Gotham_Rounded/GothamRnd-Medium.otf"; sourceTree = "<group>"; };
		2CC6D10A1BEB2C47001D6C89 /* Common.swift */ = {isa = PBXFileReference; fileEncoding = 4; lastKnownFileType = sourcecode.swift; path = Common.swift; sourceTree = "<group>"; };
		2CC6D10C1BEB393E001D6C89 /* createRecordDismissViewController.swift */ = {isa = PBXFileReference; fileEncoding = 4; lastKnownFileType = sourcecode.swift; path = createRecordDismissViewController.swift; sourceTree = "<group>"; };
/* End PBXFileReference section */

/* Begin PBXFrameworksBuildPhase section */
		2C1088941BDC134D00CB19E2 /* Frameworks */ = {
			isa = PBXFrameworksBuildPhase;
			buildActionMask = 2147483647;
			files = (
			);
			runOnlyForDeploymentPostprocessing = 0;
		};
/* End PBXFrameworksBuildPhase section */

/* Begin PBXGroup section */
		2C10888E1BDC134D00CB19E2 = {
			isa = PBXGroup;
			children = (
				2C96DA481BE31F8A0008901F /* Resources */,
				2C1088991BDC134E00CB19E2 /* Booster */,
				2C1088981BDC134D00CB19E2 /* Products */,
			);
			sourceTree = "<group>";
		};
		2C1088981BDC134D00CB19E2 /* Products */ = {
			isa = PBXGroup;
			children = (
				2C1088971BDC134D00CB19E2 /* Booster.app */,
			);
			name = Products;
			sourceTree = "<group>";
		};
		2C1088991BDC134E00CB19E2 /* Booster */ = {
			isa = PBXGroup;
			children = (
				2C10889A1BDC134E00CB19E2 /* AppDelegate.swift */,
				2C361EDB1BDD7559000A28C6 /* Global.swift */,
				2C1088AC1BDC1D1700CB19E2 /* AddUserViewController.swift */,
				2C361ED91BDD6BAF000A28C6 /* TimelineViewController.swift */,
				2C1088A11BDC134E00CB19E2 /* Assets.xcassets */,
				2C361EE11BDDD41E000A28C6 /* Main.storyboard */,
				2CC6D10A1BEB2C47001D6C89 /* Common.swift */,
				2C361EDF1BDDD116000A28C6 /* ImmunizationViewController.swift */,
				2C0066941BE6C59100B1ACF3 /* ShotTableViewCell.swift */,
				2C00669C1BE86DA800B1ACF3 /* ShotOnCDCViewController.swift */,
				2CC6D10C1BEB393E001D6C89 /* createRecordDismissViewController.swift */,
				2C1088A31BDC134E00CB19E2 /* LaunchScreen.storyboard */,
				2C1088A61BDC134E00CB19E2 /* Info.plist */,
			);
			name = Booster;
			path = Immunizations;
			sourceTree = "<group>";
		};
		2C96DA481BE31F8A0008901F /* Resources */ = {
			isa = PBXGroup;
			children = (
				2C96DA371BE31F650008901F /* GothamRnd-Bold.otf */,
				2C96DA381BE31F650008901F /* GothamRnd-BoldIta.otf */,
				2C96DA391BE31F650008901F /* GothamRnd-Book.otf */,
				2C96DA3A1BE31F650008901F /* GothamRnd-BookIta.otf */,
				2C96DA3B1BE31F650008901F /* GothamRnd-Light.otf */,
				2C96DA3C1BE31F650008901F /* GothamRnd-LightIta.otf */,
				2C96DA3D1BE31F650008901F /* GothamRnd-MedIta.otf */,
				2C96DA3E1BE31F650008901F /* GothamRnd-Medium.otf */,
			);
			name = Resources;
			sourceTree = "<group>";
		};
/* End PBXGroup section */

/* Begin PBXNativeTarget section */
		2C1088961BDC134D00CB19E2 /* Booster */ = {
			isa = PBXNativeTarget;
			buildConfigurationList = 2C1088A91BDC134E00CB19E2 /* Build configuration list for PBXNativeTarget "Booster" */;
			buildPhases = (
				2C1088931BDC134D00CB19E2 /* Sources */,
				2C1088941BDC134D00CB19E2 /* Frameworks */,
				2C1088951BDC134D00CB19E2 /* Resources */,
			);
			buildRules = (
			);
			dependencies = (
			);
			name = Booster;
			productName = Immunizations;
			productReference = 2C1088971BDC134D00CB19E2 /* Booster.app */;
			productType = "com.apple.product-type.application";
		};
/* End PBXNativeTarget section */

/* Begin PBXProject section */
		2C10888F1BDC134D00CB19E2 /* Project object */ = {
			isa = PBXProject;
			attributes = {
				LastUpgradeCheck = 0700;
				ORGANIZATIONNAME = "Group 1";
				TargetAttributes = {
					2C1088961BDC134D00CB19E2 = {
						CreatedOnToolsVersion = 7.0.1;
					};
				};
			};
			buildConfigurationList = 2C1088921BDC134D00CB19E2 /* Build configuration list for PBXProject "Booster" */;
			compatibilityVersion = "Xcode 3.2";
			developmentRegion = English;
			hasScannedForEncodings = 0;
			knownRegions = (
				en,
				Base,
			);
			mainGroup = 2C10888E1BDC134D00CB19E2;
			productRefGroup = 2C1088981BDC134D00CB19E2 /* Products */;
			projectDirPath = "";
			projectRoot = "";
			targets = (
				2C1088961BDC134D00CB19E2 /* Booster */,
			);
		};
/* End PBXProject section */

/* Begin PBXResourcesBuildPhase section */
		2C1088951BDC134D00CB19E2 /* Resources */ = {
			isa = PBXResourcesBuildPhase;
			buildActionMask = 2147483647;
			files = (
				2C96DA3F1BE31F650008901F /* GothamRnd-Bold.otf in Resources */,
				2C96DA401BE31F650008901F /* GothamRnd-BoldIta.otf in Resources */,
				2C96DA411BE31F650008901F /* GothamRnd-Book.otf in Resources */,
				2C96DA421BE31F650008901F /* GothamRnd-BookIta.otf in Resources */,
				2C96DA431BE31F650008901F /* GothamRnd-Light.otf in Resources */,
				2C96DA441BE31F650008901F /* GothamRnd-LightIta.otf in Resources */,
				2C96DA451BE31F650008901F /* GothamRnd-MedIta.otf in Resources */,
				2C96DA461BE31F650008901F /* GothamRnd-Medium.otf in Resources */,
				2C361EE31BDDD41E000A28C6 /* Main.storyboard in Resources */,
				2C1088A51BDC134E00CB19E2 /* LaunchScreen.storyboard in Resources */,
				2C1088A21BDC134E00CB19E2 /* Assets.xcassets in Resources */,
			);
			runOnlyForDeploymentPostprocessing = 0;
		};
/* End PBXResourcesBuildPhase section */

/* Begin PBXSourcesBuildPhase section */
		2C1088931BDC134D00CB19E2 /* Sources */ = {
			isa = PBXSourcesBuildPhase;
			buildActionMask = 2147483647;
			files = (
				2CC6D10B1BEB2C47001D6C89 /* Common.swift in Sources */,
				2C361EDC1BDD7559000A28C6 /* Global.swift in Sources */,
				2CC6D10D1BEB393E001D6C89 /* createRecordDismissViewController.swift in Sources */,
				2C00669D1BE86DA800B1ACF3 /* ShotOnCDCViewController.swift in Sources */,
				2C10889B1BDC134E00CB19E2 /* AppDelegate.swift in Sources */,
				2C1088AD1BDC1D1700CB19E2 /* AddUserViewController.swift in Sources */,
				2C361EE01BDDD116000A28C6 /* ImmunizationViewController.swift in Sources */,
				2C361EDA1BDD6BAF000A28C6 /* TimelineViewController.swift in Sources */,
				2C0066951BE6C59100B1ACF3 /* ShotTableViewCell.swift in Sources */,
			);
			runOnlyForDeploymentPostprocessing = 0;
		};
/* End PBXSourcesBuildPhase section */

/* Begin PBXVariantGroup section */
		2C1088A31BDC134E00CB19E2 /* LaunchScreen.storyboard */ = {
			isa = PBXVariantGroup;
			children = (
				2C1088A41BDC134E00CB19E2 /* Base */,
			);
			name = LaunchScreen.storyboard;
			sourceTree = "<group>";
		};
		2C361EE11BDDD41E000A28C6 /* Main.storyboard */ = {
			isa = PBXVariantGroup;
			children = (
				2C361EE21BDDD41E000A28C6 /* Base */,
			);
			name = Main.storyboard;
			sourceTree = "<group>";
		};
/* End PBXVariantGroup section */

/* Begin XCBuildConfiguration section */
		2C1088A71BDC134E00CB19E2 /* Debug */ = {
			isa = XCBuildConfiguration;
			buildSettings = {
				ALWAYS_SEARCH_USER_PATHS = NO;
				CLANG_CXX_LANGUAGE_STANDARD = "gnu++0x";
				CLANG_CXX_LIBRARY = "libc++";
				CLANG_ENABLE_MODULES = YES;
				CLANG_ENABLE_OBJC_ARC = YES;
				CLANG_WARN_BOOL_CONVERSION = YES;
				CLANG_WARN_CONSTANT_CONVERSION = YES;
				CLANG_WARN_DIRECT_OBJC_ISA_USAGE = YES_ERROR;
				CLANG_WARN_EMPTY_BODY = YES;
				CLANG_WARN_ENUM_CONVERSION = YES;
				CLANG_WARN_INT_CONVERSION = YES;
				CLANG_WARN_OBJC_ROOT_CLASS = YES_ERROR;
				CLANG_WARN_UNREACHABLE_CODE = YES;
				CLANG_WARN__DUPLICATE_METHOD_MATCH = YES;
				"CODE_SIGN_IDENTITY[sdk=iphoneos*]" = "iPhone Developer";
				COPY_PHASE_STRIP = NO;
				DEBUG_INFORMATION_FORMAT = dwarf;
				ENABLE_STRICT_OBJC_MSGSEND = YES;
				ENABLE_TESTABILITY = YES;
				GCC_C_LANGUAGE_STANDARD = gnu99;
				GCC_DYNAMIC_NO_PIC = NO;
				GCC_NO_COMMON_BLOCKS = YES;
				GCC_OPTIMIZATION_LEVEL = 0;
				GCC_PREPROCESSOR_DEFINITIONS = (
					"DEBUG=1",
					"$(inherited)",
				);
				GCC_WARN_64_TO_32_BIT_CONVERSION = YES;
				GCC_WARN_ABOUT_RETURN_TYPE = YES_ERROR;
				GCC_WARN_UNDECLARED_SELECTOR = YES;
				GCC_WARN_UNINITIALIZED_AUTOS = YES_AGGRESSIVE;
				GCC_WARN_UNUSED_FUNCTION = YES;
				GCC_WARN_UNUSED_VARIABLE = YES;
				IPHONEOS_DEPLOYMENT_TARGET = 9.0;
				MTL_ENABLE_DEBUG_INFO = YES;
				ONLY_ACTIVE_ARCH = YES;
				SDKROOT = iphoneos;
				SWIFT_OPTIMIZATION_LEVEL = "-Onone";
			};
			name = Debug;
		};
		2C1088A81BDC134E00CB19E2 /* Release */ = {
			isa = XCBuildConfiguration;
			buildSettings = {
				ALWAYS_SEARCH_USER_PATHS = NO;
				CLANG_CXX_LANGUAGE_STANDARD = "gnu++0x";
				CLANG_CXX_LIBRARY = "libc++";
				CLANG_ENABLE_MODULES = YES;
				CLANG_ENABLE_OBJC_ARC = YES;
				CLANG_WARN_BOOL_CONVERSION = YES;
				CLANG_WARN_CONSTANT_CONVERSION = YES;
				CLANG_WARN_DIRECT_OBJC_ISA_USAGE = YES_ERROR;
				CLANG_WARN_EMPTY_BODY = YES;
				CLANG_WARN_ENUM_CONVERSION = YES;
				CLANG_WARN_INT_CONVERSION = YES;
				CLANG_WARN_OBJC_ROOT_CLASS = YES_ERROR;
				CLANG_WARN_UNREACHABLE_CODE = YES;
				CLANG_WARN__DUPLICATE_METHOD_MATCH = YES;
				"CODE_SIGN_IDENTITY[sdk=iphoneos*]" = "iPhone Developer";
				COPY_PHASE_STRIP = NO;
				DEBUG_INFORMATION_FORMAT = "dwarf-with-dsym";
				ENABLE_NS_ASSERTIONS = NO;
				ENABLE_STRICT_OBJC_MSGSEND = YES;
				GCC_C_LANGUAGE_STANDARD = gnu99;
				GCC_NO_COMMON_BLOCKS = YES;
				GCC_WARN_64_TO_32_BIT_CONVERSION = YES;
				GCC_WARN_ABOUT_RETURN_TYPE = YES_ERROR;
				GCC_WARN_UNDECLARED_SELECTOR = YES;
				GCC_WARN_UNINITIALIZED_AUTOS = YES_AGGRESSIVE;
				GCC_WARN_UNUSED_FUNCTION = YES;
				GCC_WARN_UNUSED_VARIABLE = YES;
				IPHONEOS_DEPLOYMENT_TARGET = 9.0;
				MTL_ENABLE_DEBUG_INFO = NO;
				SDKROOT = iphoneos;
				VALIDATE_PRODUCT = YES;
			};
			name = Release;
		};
		2C1088AA1BDC134E00CB19E2 /* Debug */ = {
			isa = XCBuildConfiguration;
			buildSettings = {
				ASSETCATALOG_COMPILER_APPICON_NAME = AppIcon;
				CODE_SIGN_IDENTITY = "iPhone Developer";
				"CODE_SIGN_IDENTITY[sdk=iphoneos*]" = "iPhone Developer";
				INFOPLIST_FILE = Immunizations/Info.plist;
				LD_RUNPATH_SEARCH_PATHS = "$(inherited) @executable_path/Frameworks";
				PRODUCT_BUNDLE_IDENTIFIER = group1.Booster;
				PRODUCT_NAME = Booster;
				PROVISIONING_PROFILE = "";
			};
			name = Debug;
		};
		2C1088AB1BDC134E00CB19E2 /* Release */ = {
			isa = XCBuildConfiguration;
			buildSettings = {
				ASSETCATALOG_COMPILER_APPICON_NAME = AppIcon;
				CODE_SIGN_IDENTITY = "iPhone Developer";
				"CODE_SIGN_IDENTITY[sdk=iphoneos*]" = "iPhone Developer";
				INFOPLIST_FILE = Immunizations/Info.plist;
				LD_RUNPATH_SEARCH_PATHS = "$(inherited) @executable_path/Frameworks";
				PRODUCT_BUNDLE_IDENTIFIER = group1.Booster;
				PRODUCT_NAME = Booster;
				PROVISIONING_PROFILE = "";
			};
			name = Release;
		};
/* End XCBuildConfiguration section */

/* Begin XCConfigurationList section */
		2C1088921BDC134D00CB19E2 /* Build configuration list for PBXProject "Booster" */ = {
			isa = XCConfigurationList;
			buildConfigurations = (
				2C1088A71BDC134E00CB19E2 /* Debug */,
				2C1088A81BDC134E00CB19E2 /* Release */,
			);
			defaultConfigurationIsVisible = 0;
			defaultConfigurationName = Release;
		};
		2C1088A91BDC134E00CB19E2 /* Build configuration list for PBXNativeTarget "Booster" */ = {
			isa = XCConfigurationList;
			buildConfigurations = (
				2C1088AA1BDC134E00CB19E2 /* Debug */,
				2C1088AB1BDC134E00CB19E2 /* Release */,
			);
			defaultConfigurationIsVisible = 0;
			defaultConfigurationName = Release;
		};
/* End XCConfigurationList section */
	};
	rootObject = 2C10888F1BDC134D00CB19E2 /* Project object */;
}
